
Microsoft Visual Studio Solution File, Format Version 12.00
# Visual Studio 15
VisualStudioVersion = 15.0.27128.1
MinimumVisualStudioVersion = 10.0.40219.1
Project("{9A19103F-16F7-4668-BE54-9A1E7A4F7556}") = "EkoApi", "EkoApi\EkoApi.csproj", "{83F2E29B-3120-4180-80A8-6FAEA9C87ACB}"
EndProject
Global
	GlobalSection(SolutionConfigurationPlatforms) = preSolution
		Debug|Any CPU = Debug|Any CPU
		Release|Any CPU = Release|Any CPU
	EndGlobalSection
	GlobalSection(ProjectConfigurationPlatforms) = postSolution
		{83F2E29B-3120-4180-80A8-6FAEA9C87ACB}.Debug|Any CPU.ActiveCfg = Debug|Any CPU
		{83F2E29B-3120-4180-80A8-6FAEA9C87ACB}.Debug|Any CPU.Build.0 = Debug|Any CPU
		{83F2E29B-3120-4180-80A8-6FAEA9C87ACB}.Release|Any CPU.ActiveCfg = Release|Any CPU
		{83F2E29B-3120-4180-80A8-6FAEA9C87ACB}.Release|Any CPU.Build.0 = Release|Any CPU
	EndGlobalSection
	GlobalSection(SolutionProperties) = preSolution
		HideSolutionNode = FALSE
	EndGlobalSection
	GlobalSection(ExtensibilityGlobals) = postSolution
		SolutionGuid = {6ECD1F87-03EE-4288-AE0B-854598845E45}
	EndGlobalSection
EndGlobal
